<?xml version="1.0" encoding="utf-8"?>
<Project ToolsVersion="4.0" xmlns="http://schemas.microsoft.com/developer/msbuild/2003">
  <ItemGroup>
    <Filter Include="Source Files">
      <UniqueIdentifier>{4FC737F1-C7A5-4376-A066-2A32D752A2FF}</UniqueIdentifier>
      <Extensions>cpp;c;cc;cxx;def;odl;idl;hpj;bat;asm;asmx</Extensions>
    </Filter>
    <Filter Include="Header Files">
      <UniqueIdentifier>{93995380-89BD-4b04-88EB-625FBE52EBFB}</UniqueIdentifier>
      <Extensions>h;hh;hpp;hxx;hm;inl;inc;xsd</Extensions>
    </Filter>
    <Filter Include="Header Files\Common">
      <UniqueIdentifier>{1e63be8b-1e2b-4137-a624-0d24c4fda826}</UniqueIdentifier>
    </Filter>
    <Filter Include="Source Files\Common">
      <UniqueIdentifier>{54878bc4-fbbd-4542-9aa3-650121949dd5}</UniqueIdentifier>
    </Filter>
    <Filter Include="LICENSE">
      <UniqueIdentifier>{45b5a263-0893-45e1-9f75-f20a54099ca9}</UniqueIdentifier>
    </Filter>
    <Filter Include="Source Files\Helpers">
      <UniqueIdentifier>{b65e507a-c1df-4c02-b0af-945157b8d4ba}</UniqueIdentifier>
    </Filter>
    <Filter Include="Header Files\Helpers">
      <UniqueIdentifier>{d517a3ed-b9e1-43f2-afde-bf7b858f8e21}</UniqueIdentifier>
    </Filter>
    <Filter Include="Header Files\Scripts">
      <UniqueIdentifier>{a6c2bb6b-2e6d-4036-9b55-2407476c2ebb}</UniqueIdentifier>
    </Filter>
    <Filter Include="Source Files\Hud">
      <UniqueIdentifier>{931f5483-e0d7-441b-ae58-94e9cbd4185f}</UniqueIdentifier>
    </Filter>
    <Filter Include="Source Files\Keys">
      <UniqueIdentifier>{905d1adf-afb0-46e4-88d1-319fcf9aeaf4}</UniqueIdentifier>
    </Filter>
    <Filter Include="Source Files\GameInit">
      <UniqueIdentifier>{73416ee1-ddca-4ca4-9957-bd301583eb73}</UniqueIdentifier>
    </Filter>
    <Filter Include="Source Files\MissionCleanup">
      <UniqueIdentifier>{2cb4e67c-aaa4-4544-8a21-19d267c17402}</UniqueIdentifier>
    </Filter>
    <Filter Include="Source Files\Net">
      <UniqueIdentifier>{2e172e27-7371-4f4a-8fe9-00d7646f0354}</UniqueIdentifier>
    </Filter>
    <Filter Include="Source Files\Math">
      <UniqueIdentifier>{a9b9f66c-b5fc-4045-b7a3-7c5fdc56e7f6}</UniqueIdentifier>
    </Filter>
    <Filter Include="Source Files\Rendering">
      <UniqueIdentifier>{ebc0495a-660b-48d7-bec6-397dabf24dcb}</UniqueIdentifier>
    </Filter>
    <Filter Include="Source Files\Misc Fixes">
      <UniqueIdentifier>{2d94e278-87f2-4b40-a014-bc097c4e1e36}</UniqueIdentifier>
    </Filter>
    <Filter Include="Hooking">
      <UniqueIdentifier>{3521def5-a0e7-478f-81dd-65e8e51245ad}</UniqueIdentifier>
    </Filter>
    <Filter Include="RakNet">
      <UniqueIdentifier>{cc66cae3-9f77-4eae-81bb-327cfd5d781a}</UniqueIdentifier>
    </Filter>
  </ItemGroup>
  <ItemGroup>
    <ClInclude Include="Log.h">
      <Filter>Header Files\Common</Filter>
    </ClInclude>
    <ClInclude Include="Pattern.h">
      <Filter>Header Files\Common</Filter>
    </ClInclude>
    <ClInclude Include="DrawHelper.h">
      <Filter>Header Files\Helpers</Filter>
    </ClInclude>
    <ClInclude Include="WeaponScripts.h">
      <Filter>Header Files\Scripts</Filter>
    </ClInclude>
    <ClInclude Include="RadioScripts.h">
      <Filter>Header Files\Scripts</Filter>
    </ClInclude>
    <ClInclude Include="StatScripts.h">
      <Filter>Header Files\Scripts</Filter>
    </ClInclude>
    <ClInclude Include="KeyHelper.h">
      <Filter>Header Files\Helpers</Filter>
    </ClInclude>
    <ClInclude Include="NetworkHelper.h">
      <Filter>Header Files\Helpers</Filter>
    </ClInclude>
    <ClInclude Include="RAGEHelper.h">
      <Filter>Header Files\Helpers</Filter>
    </ClInclude>
    <ClInclude Include="VehicleHelper.h">
      <Filter>Header Files\Helpers</Filter>
    </ClInclude>
    <ClInclude Include="Types.h">
      <Filter>Header Files\Common</Filter>
    </ClInclude>
    <ClInclude Include="Hashes.h">
      <Filter>Header Files\Common</Filter>
    </ClInclude>
    <ClInclude Include="natives.h">
      <Filter>Header Files\Common</Filter>
    </ClInclude>
    <ClInclude Include="pgCollection.h">
      <Filter>Header Files\Common</Filter>
    </ClInclude>
    <ClInclude Include="script.h">
      <Filter>Header Files\Common</Filter>
    </ClInclude>
    <ClInclude Include="scrThread.h">
      <Filter>Header Files\Common</Filter>
    </ClInclude>
    <ClInclude Include="VehicleValues.h">
      <Filter>Header Files\Common</Filter>
    </ClInclude>
    <ClInclude Include="modbaserequired.h">
      <Filter>Source Files</Filter>
    </ClInclude>
    <ClInclude Include="HandleKeys.h">
      <Filter>Source Files\Keys</Filter>
    </ClInclude>
    <ClInclude Include="stdafx.h">
      <Filter>Header Files\Common</Filter>
    </ClInclude>
    <ClInclude Include="chat.h">
      <Filter>Source Files\Hud</Filter>
    </ClInclude>
    <ClInclude Include="hud.h">
      <Filter>Source Files\Hud</Filter>
    </ClInclude>
    <ClInclude Include="GameInit.h">
      <Filter>Source Files\GameInit</Filter>
    </ClInclude>
    <ClInclude Include="ICoreGameInit.h">
      <Filter>Header Files\Common</Filter>
    </ClInclude>
    <ClInclude Include="fiDevice.h">
      <Filter>Header Files\Common</Filter>
    </ClInclude>
    <ClInclude Include="sysAllocator.h">
      <Filter>Header Files\Common</Filter>
    </ClInclude>
    <ClInclude Include="Registry.h">
      <Filter>Header Files\Common</Filter>
    </ClInclude>
    <ClInclude Include="scrEngine.h">
      <Filter>Header Files\Common</Filter>
    </ClInclude>
    <ClInclude Include="fiCustomDevice.h">
      <Filter>Header Files\Common</Filter>
    </ClInclude>
    <ClInclude Include="Singleton.h">
      <Filter>Header Files\Common</Filter>
    </ClInclude>
    <ClInclude Include="netrpc.h">
      <Filter>Source Files\Net</Filter>
    </ClInclude>
    <ClInclude Include="CPlayerPed.h">
      <Filter>Source Files\Net</Filter>
    </ClInclude>
    <ClInclude Include="CVehicle.h">
      <Filter>Source Files\Net</Filter>
    </ClInclude>
    <ClInclude Include="system.h">
      <Filter>Source Files\Net</Filter>
    </ClInclude>
    <ClInclude Include="net\CVehicleManager.h">
      <Filter>Source Files\Net</Filter>
    </ClInclude>
    <ClInclude Include="net\CNetworkManager.h">
      <Filter>Source Files\Net</Filter>
    </ClInclude>
    <ClInclude Include="net\CLocalPlayer.h">
      <Filter>Source Files\Net</Filter>
    </ClInclude>
    <ClInclude Include="CVector3.h">
      <Filter>Source Files\Math</Filter>
    </ClInclude>
    <ClInclude Include="CMaths.h">
      <Filter>Source Files\Math</Filter>
    </ClInclude>
    <ClInclude Include="ScriptHandlerMgr.h">
      <Filter>Source Files\MissionCleanup</Filter>
    </ClInclude>
    <ClInclude Include="cmd_window.h">
      <Filter>Source Files\Hud</Filter>
    </ClInclude>
    <ClInclude Include="ResourceMissionCleanup_Minimal.h">
      <Filter>Source Files\MissionCleanup</Filter>
    </ClInclude>
    <ClInclude Include="Resource.h">
      <Filter>Source Files\MissionCleanup</Filter>
    </ClInclude>
    <ClInclude Include="ComponentHolder.h">
      <Filter>Source Files\MissionCleanup</Filter>
    </ClInclude>
    <ClInclude Include="ResourceManager.h">
      <Filter>Source Files\MissionCleanup</Filter>
    </ClInclude>
    <ClInclude Include="ResourceMounter.h">
      <Filter>Source Files\MissionCleanup</Filter>
    </ClInclude>
    <ClInclude Include="ResourceImpl.h">
      <Filter>Source Files\MissionCleanup</Filter>
    </ClInclude>
    <ClInclude Include="DrawCommands.h">
      <Filter>Source Files\Rendering</Filter>
    </ClInclude>
    <ClInclude Include="grcTexture.h">
      <Filter>Source Files\Rendering</Filter>
    </ClInclude>
    <ClInclude Include="atArray.h">
      <Filter>Header Files\Common</Filter>
    </ClInclude>
    <ClInclude Include="GTAControls.h">
      <Filter>Header Files\Helpers</Filter>
    </ClInclude>
    <ClInclude Include="GTAClasses.h">
      <Filter>Header Files\Helpers</Filter>
    </ClInclude>
    <ClInclude Include="fiCollectionWrapper.h">
      <Filter>Source Files\Rendering</Filter>
    </ClInclude>
    <ClInclude Include="EnableMPMapData.h">
      <Filter>Source Files\Hud</Filter>
    </ClInclude>
    <ClInclude Include="..\Vendor\hooking\EventCore.h">
      <Filter>Hooking</Filter>
    </ClInclude>
    <ClInclude Include="..\Vendor\hooking\HookFunction.h">
      <Filter>Hooking</Filter>
    </ClInclude>
    <ClInclude Include="..\Vendor\hooking\Hooking.FuncCalls.h">
      <Filter>Hooking</Filter>
    </ClInclude>
    <ClInclude Include="..\Vendor\hooking\Hooking.h">
      <Filter>Hooking</Filter>
    </ClInclude>
    <ClInclude Include="..\Vendor\hooking\Hooking.Invoke.h">
      <Filter>Hooking</Filter>
    </ClInclude>
    <ClInclude Include="..\Vendor\hooking\Hooking.Patterns.h">
      <Filter>Hooking</Filter>
    </ClInclude>
    <ClInclude Include="..\Vendor\hooking\sigslot.h">
      <Filter>Hooking</Filter>
    </ClInclude>
    <ClInclude Include="..\Vendor\hooking\Utils.h">
      <Filter>Hooking</Filter>
    </ClInclude>
    <ClInclude Include="StdInc.h">
      <Filter>Header Files\Common</Filter>
    </ClInclude>
    <ClInclude Include="..\Vendor\RakNet\AutopatcherPatchContext.h">
      <Filter>RakNet</Filter>
    </ClInclude>
    <ClInclude Include="..\Vendor\RakNet\AutopatcherRepositoryInterface.h">
      <Filter>RakNet</Filter>
    </ClInclude>
    <ClInclude Include="..\Vendor\RakNet\BitStream.h">
      <Filter>RakNet</Filter>
    </ClInclude>
    <ClInclude Include="..\Vendor\RakNet\CCRakNetUDT.h">
      <Filter>RakNet</Filter>
    </ClInclude>
    <ClInclude Include="..\Vendor\RakNet\CheckSum.h">
      <Filter>RakNet</Filter>
    </ClInclude>
    <ClInclude Include="..\Vendor\RakNet\CommandParserInterface.h">
      <Filter>RakNet</Filter>
    </ClInclude>
    <ClInclude Include="..\Vendor\RakNet\ConnectionGraph2.h">
      <Filter>RakNet</Filter>
    </ClInclude>
    <ClInclude Include="..\Vendor\RakNet\ConsoleServer.h">
      <Filter>RakNet</Filter>
    </ClInclude>
    <ClInclude Include="..\Vendor\RakNet\DataCompressor.h">
      <Filter>RakNet</Filter>
    </ClInclude>
    <ClInclude Include="..\Vendor\RakNet\DirectoryDeltaTransfer.h">
      <Filter>RakNet</Filter>
    </ClInclude>
    <ClInclude Include="..\Vendor\RakNet\DS_BinarySearchTree.h">
      <Filter>RakNet</Filter>
    </ClInclude>
    <ClInclude Include="..\Vendor\RakNet\DS_BPlusTree.h">
      <Filter>RakNet</Filter>
    </ClInclude>
    <ClInclude Include="..\Vendor\RakNet\DS_BytePool.h">
      <Filter>RakNet</Filter>
    </ClInclude>
    <ClInclude Include="..\Vendor\RakNet\DS_ByteQueue.h">
      <Filter>RakNet</Filter>
    </ClInclude>
    <ClInclude Include="..\Vendor\RakNet\DS_Heap.h">
      <Filter>RakNet</Filter>
    </ClInclude>
    <ClInclude Include="..\Vendor\RakNet\DS_HuffmanEncodingTree.h">
      <Filter>RakNet</Filter>
    </ClInclude>
    <ClInclude Include="..\Vendor\RakNet\DS_HuffmanEncodingTreeFactory.h">
      <Filter>RakNet</Filter>
    </ClInclude>
    <ClInclude Include="..\Vendor\RakNet\DS_HuffmanEncodingTreeNode.h">
      <Filter>RakNet</Filter>
    </ClInclude>
    <ClInclude Include="..\Vendor\RakNet\DS_LinkedList.h">
      <Filter>RakNet</Filter>
    </ClInclude>
    <ClInclude Include="..\Vendor\RakNet\DS_List.h">
      <Filter>RakNet</Filter>
    </ClInclude>
    <ClInclude Include="..\Vendor\RakNet\DS_Map.h">
      <Filter>RakNet</Filter>
    </ClInclude>
    <ClInclude Include="..\Vendor\RakNet\DS_MemoryPool.h">
      <Filter>RakNet</Filter>
    </ClInclude>
    <ClInclude Include="..\Vendor\RakNet\DS_Multilist.h">
      <Filter>RakNet</Filter>
    </ClInclude>
    <ClInclude Include="..\Vendor\RakNet\DS_OrderedChannelHeap.h">
      <Filter>RakNet</Filter>
    </ClInclude>
    <ClInclude Include="..\Vendor\RakNet\DS_OrderedList.h">
      <Filter>RakNet</Filter>
    </ClInclude>
    <ClInclude Include="..\Vendor\RakNet\DS_Queue.h">
      <Filter>RakNet</Filter>
    </ClInclude>
    <ClInclude Include="..\Vendor\RakNet\DS_QueueLinkedList.h">
      <Filter>RakNet</Filter>
    </ClInclude>
    <ClInclude Include="..\Vendor\RakNet\DS_RangeList.h">
      <Filter>RakNet</Filter>
    </ClInclude>
    <ClInclude Include="..\Vendor\RakNet\DS_StringKeyedHash.h">
      <Filter>RakNet</Filter>
    </ClInclude>
    <ClInclude Include="..\Vendor\RakNet\DS_Table.h">
      <Filter>RakNet</Filter>
    </ClInclude>
    <ClInclude Include="..\Vendor\RakNet\DS_ThreadsafeAllocatingQueue.h">
      <Filter>RakNet</Filter>
    </ClInclude>
    <ClInclude Include="..\Vendor\RakNet\DS_Tree.h">
      <Filter>RakNet</Filter>
    </ClInclude>
    <ClInclude Include="..\Vendor\RakNet\DS_WeightedGraph.h">
      <Filter>RakNet</Filter>
    </ClInclude>
    <ClInclude Include="..\Vendor\RakNet\EmailSender.h">
      <Filter>RakNet</Filter>
    </ClInclude>
    <ClInclude Include="..\Vendor\RakNet\EpochTimeToString.h">
      <Filter>RakNet</Filter>
    </ClInclude>
    <ClInclude Include="..\Vendor\RakNet\Export.h">
      <Filter>RakNet</Filter>
    </ClInclude>
    <ClInclude Include="..\Vendor\RakNet\FileList.h">
      <Filter>RakNet</Filter>
    </ClInclude>
    <ClInclude Include="..\Vendor\RakNet\FileListNodeContext.h">
      <Filter>RakNet</Filter>
    </ClInclude>
    <ClInclude Include="..\Vendor\RakNet\FileListTransfer.h">
      <Filter>RakNet</Filter>
    </ClInclude>
    <ClInclude Include="..\Vendor\RakNet\FileListTransferCBInterface.h">
      <Filter>RakNet</Filter>
    </ClInclude>
    <ClInclude Include="..\Vendor\RakNet\FileOperations.h">
      <Filter>RakNet</Filter>
    </ClInclude>
    <ClInclude Include="..\Vendor\RakNet\FormatString.h">
      <Filter>RakNet</Filter>
    </ClInclude>
    <ClInclude Include="..\Vendor\RakNet\FullyConnectedMesh2.h">
      <Filter>RakNet</Filter>
    </ClInclude>
    <ClInclude Include="..\Vendor\RakNet\Getche.h">
      <Filter>RakNet</Filter>
    </ClInclude>
    <ClInclude Include="..\Vendor\RakNet\GetTime.h">
      <Filter>RakNet</Filter>
    </ClInclude>
    <ClInclude Include="..\Vendor\RakNet\gettimeofday.h">
      <Filter>RakNet</Filter>
    </ClInclude>
    <ClInclude Include="..\Vendor\RakNet\GridSectorizer.h">
      <Filter>RakNet</Filter>
    </ClInclude>
    <ClInclude Include="..\Vendor\RakNet\HTTPConnection.h">
      <Filter>RakNet</Filter>
    </ClInclude>
    <ClInclude Include="..\Vendor\RakNet\IncrementalReadInterface.h">
      <Filter>RakNet</Filter>
    </ClInclude>
    <ClInclude Include="..\Vendor\RakNet\InternalPacket.h">
      <Filter>RakNet</Filter>
    </ClInclude>
    <ClInclude Include="..\Vendor\RakNet\Itoa.h">
      <Filter>RakNet</Filter>
    </ClInclude>
    <ClInclude Include="..\Vendor\RakNet\Kbhit.h">
      <Filter>RakNet</Filter>
    </ClInclude>
    <ClInclude Include="..\Vendor\RakNet\LinuxStrings.h">
      <Filter>RakNet</Filter>
    </ClInclude>
    <ClInclude Include="..\Vendor\RakNet\LogCommandParser.h">
      <Filter>RakNet</Filter>
    </ClInclude>
    <ClInclude Include="..\Vendor\RakNet\MessageFilter.h">
      <Filter>RakNet</Filter>
    </ClInclude>
    <ClInclude Include="..\Vendor\RakNet\MessageIdentifiers.h">
      <Filter>RakNet</Filter>
    </ClInclude>
    <ClInclude Include="..\Vendor\RakNet\MTUSize.h">
      <Filter>RakNet</Filter>
    </ClInclude>
    <ClInclude Include="..\Vendor\RakNet\NativeFeatureIncludes.h">
      <Filter>RakNet</Filter>
    </ClInclude>
    <ClInclude Include="..\Vendor\RakNet\NativeFeatureIncludesOverrides.h">
      <Filter>RakNet</Filter>
    </ClInclude>
    <ClInclude Include="..\Vendor\RakNet\NativeTypes.h">
      <Filter>RakNet</Filter>
    </ClInclude>
    <ClInclude Include="..\Vendor\RakNet\NatPunchthroughClient.h">
      <Filter>RakNet</Filter>
    </ClInclude>
    <ClInclude Include="..\Vendor\RakNet\NatPunchthroughServer.h">
      <Filter>RakNet</Filter>
    </ClInclude>
    <ClInclude Include="..\Vendor\RakNet\NatTypeDetectionClient.h">
      <Filter>RakNet</Filter>
    </ClInclude>
    <ClInclude Include="..\Vendor\RakNet\NatTypeDetectionCommon.h">
      <Filter>RakNet</Filter>
    </ClInclude>
    <ClInclude Include="..\Vendor\RakNet\NatTypeDetectionServer.h">
      <Filter>RakNet</Filter>
    </ClInclude>
    <ClInclude Include="..\Vendor\RakNet\NetworkIDManager.h">
      <Filter>RakNet</Filter>
    </ClInclude>
    <ClInclude Include="..\Vendor\RakNet\NetworkIDObject.h">
      <Filter>RakNet</Filter>
    </ClInclude>
    <ClInclude Include="..\Vendor\RakNet\PacketConsoleLogger.h">
      <Filter>RakNet</Filter>
    </ClInclude>
    <ClInclude Include="..\Vendor\RakNet\PacketFileLogger.h">
      <Filter>RakNet</Filter>
    </ClInclude>
    <ClInclude Include="..\Vendor\RakNet\PacketizedTCP.h">
      <Filter>RakNet</Filter>
    </ClInclude>
    <ClInclude Include="..\Vendor\RakNet\PacketLogger.h">
      <Filter>RakNet</Filter>
    </ClInclude>
    <ClInclude Include="..\Vendor\RakNet\PacketOutputWindowLogger.h">
      <Filter>RakNet</Filter>
    </ClInclude>
    <ClInclude Include="..\Vendor\RakNet\PacketPool.h">
      <Filter>RakNet</Filter>
    </ClInclude>
    <ClInclude Include="..\Vendor\RakNet\PacketPriority.h">
      <Filter>RakNet</Filter>
    </ClInclude>
    <ClInclude Include="..\Vendor\RakNet\PluginInterface2.h">
      <Filter>RakNet</Filter>
    </ClInclude>
    <ClInclude Include="..\Vendor\RakNet\RakAlloca.h">
      <Filter>RakNet</Filter>
    </ClInclude>
    <ClInclude Include="..\Vendor\RakNet\RakAssert.h">
      <Filter>RakNet</Filter>
    </ClInclude>
    <ClInclude Include="..\Vendor\RakNet\RakMemoryOverride.h">
      <Filter>RakNet</Filter>
    </ClInclude>
    <ClInclude Include="..\Vendor\RakNet\RakNetCommandParser.h">
      <Filter>RakNet</Filter>
    </ClInclude>
    <ClInclude Include="..\Vendor\RakNet\RakNetDefines.h">
      <Filter>RakNet</Filter>
    </ClInclude>
    <ClInclude Include="..\Vendor\RakNet\RakNetDefinesOverrides.h">
      <Filter>RakNet</Filter>
    </ClInclude>
    <ClInclude Include="..\Vendor\RakNet\RakNetSmartPtr.h">
      <Filter>RakNet</Filter>
    </ClInclude>
    <ClInclude Include="..\Vendor\RakNet\RakNetSocket.h">
      <Filter>RakNet</Filter>
    </ClInclude>
    <ClInclude Include="..\Vendor\RakNet\RakNetStatistics.h">
      <Filter>RakNet</Filter>
    </ClInclude>
    <ClInclude Include="..\Vendor\RakNet\RakNetTime.h">
      <Filter>RakNet</Filter>
    </ClInclude>
    <ClInclude Include="..\Vendor\RakNet\RakNetTransport2.h">
      <Filter>RakNet</Filter>
    </ClInclude>
    <ClInclude Include="..\Vendor\RakNet\RakNetTypes.h">
      <Filter>RakNet</Filter>
    </ClInclude>
    <ClInclude Include="..\Vendor\RakNet\RakNetVersion.h">
      <Filter>RakNet</Filter>
    </ClInclude>
    <ClInclude Include="..\Vendor\RakNet\RakPeer.h">
      <Filter>RakNet</Filter>
    </ClInclude>
    <ClInclude Include="..\Vendor\RakNet\RakPeerInterface.h">
      <Filter>RakNet</Filter>
    </ClInclude>
    <ClInclude Include="..\Vendor\RakNet\RakSleep.h">
      <Filter>RakNet</Filter>
    </ClInclude>
    <ClInclude Include="..\Vendor\RakNet\RakString.h">
      <Filter>RakNet</Filter>
    </ClInclude>
    <ClInclude Include="..\Vendor\RakNet\RakThread.h">
      <Filter>RakNet</Filter>
    </ClInclude>
    <ClInclude Include="..\Vendor\RakNet\Rand.h">
      <Filter>RakNet</Filter>
    </ClInclude>
    <ClInclude Include="..\Vendor\RakNet\rdlmalloc.h">
      <Filter>RakNet</Filter>
    </ClInclude>
    <ClInclude Include="..\Vendor\RakNet\rdlmalloc-options.h">
      <Filter>RakNet</Filter>
    </ClInclude>
    <ClInclude Include="..\Vendor\RakNet\ReadyEvent.h">
      <Filter>RakNet</Filter>
    </ClInclude>
    <ClInclude Include="..\Vendor\RakNet\RefCountedObj.h">
      <Filter>RakNet</Filter>
    </ClInclude>
    <ClInclude Include="..\Vendor\RakNet\ReliabilityLayer.h">
      <Filter>RakNet</Filter>
    </ClInclude>
    <ClInclude Include="..\Vendor\RakNet\Replica.h">
      <Filter>RakNet</Filter>
    </ClInclude>
    <ClInclude Include="..\Vendor\RakNet\ReplicaEnums.h">
      <Filter>RakNet</Filter>
    </ClInclude>
    <ClInclude Include="..\Vendor\RakNet\ReplicaManager3.h">
      <Filter>RakNet</Filter>
    </ClInclude>
    <ClInclude Include="..\Vendor\RakNet\Router2.h">
      <Filter>RakNet</Filter>
    </ClInclude>
    <ClInclude Include="..\Vendor\RakNet\RPC4Plugin.h">
      <Filter>RakNet</Filter>
    </ClInclude>
    <ClInclude Include="..\Vendor\RakNet\SendToThread.h">
      <Filter>RakNet</Filter>
    </ClInclude>
    <ClInclude Include="..\Vendor\RakNet\SHA1.h">
      <Filter>RakNet</Filter>
    </ClInclude>
    <ClInclude Include="..\Vendor\RakNet\SignaledEvent.h">
      <Filter>RakNet</Filter>
    </ClInclude>
    <ClInclude Include="..\Vendor\RakNet\SimpleMutex.h">
      <Filter>RakNet</Filter>
    </ClInclude>
    <ClInclude Include="..\Vendor\RakNet\SimpleTCPServer.h">
      <Filter>RakNet</Filter>
    </ClInclude>
    <ClInclude Include="..\Vendor\RakNet\SingleProducerConsumer.h">
      <Filter>RakNet</Filter>
    </ClInclude>
    <ClInclude Include="..\Vendor\RakNet\SocketIncludes.h">
      <Filter>RakNet</Filter>
    </ClInclude>
    <ClInclude Include="..\Vendor\RakNet\SocketLayer.h">
      <Filter>RakNet</Filter>
    </ClInclude>
    <ClInclude Include="..\Vendor\RakNet\StringCompressor.h">
      <Filter>RakNet</Filter>
    </ClInclude>
    <ClInclude Include="..\Vendor\RakNet\StringTable.h">
      <Filter>RakNet</Filter>
    </ClInclude>
    <ClInclude Include="..\Vendor\RakNet\SuperFastHash.h">
      <Filter>RakNet</Filter>
    </ClInclude>
    <ClInclude Include="..\Vendor\RakNet\TableSerializer.h">
      <Filter>RakNet</Filter>
    </ClInclude>
    <ClInclude Include="..\Vendor\RakNet\TCPInterface.h">
      <Filter>RakNet</Filter>
    </ClInclude>
    <ClInclude Include="..\Vendor\RakNet\TeamBalancer.h">
      <Filter>RakNet</Filter>
    </ClInclude>
    <ClInclude Include="..\Vendor\RakNet\TelnetTransport.h">
      <Filter>RakNet</Filter>
    </ClInclude>
    <ClInclude Include="..\Vendor\RakNet\ThreadPool.h">
      <Filter>RakNet</Filter>
    </ClInclude>
    <ClInclude Include="..\Vendor\RakNet\ThreadsafePacketLogger.h">
      <Filter>RakNet</Filter>
    </ClInclude>
    <ClInclude Include="..\Vendor\RakNet\TransportInterface.h">
      <Filter>RakNet</Filter>
    </ClInclude>
    <ClInclude Include="..\Vendor\RakNet\UDPForwarder.h">
      <Filter>RakNet</Filter>
    </ClInclude>
    <ClInclude Include="..\Vendor\RakNet\UDPProxyClient.h">
      <Filter>RakNet</Filter>
    </ClInclude>
    <ClInclude Include="..\Vendor\RakNet\UDPProxyCommon.h">
      <Filter>RakNet</Filter>
    </ClInclude>
    <ClInclude Include="..\Vendor\RakNet\UDPProxyCoordinator.h">
      <Filter>RakNet</Filter>
    </ClInclude>
    <ClInclude Include="..\Vendor\RakNet\UDPProxyServer.h">
      <Filter>RakNet</Filter>
    </ClInclude>
    <ClInclude Include="..\Vendor\RakNet\VariableDeltaSerializer.h">
      <Filter>RakNet</Filter>
    </ClInclude>
    <ClInclude Include="..\Vendor\RakNet\VariableListDeltaTracker.h">
      <Filter>RakNet</Filter>
    </ClInclude>
    <ClInclude Include="..\Vendor\RakNet\VariadicSQLParser.h">
      <Filter>RakNet</Filter>
    </ClInclude>
    <ClInclude Include="..\Vendor\RakNet\WindowsIncludes.h">
      <Filter>RakNet</Filter>
    </ClInclude>
    <ClInclude Include="..\Vendor\RakNet\WSAStartupSingleton.h">
      <Filter>RakNet</Filter>
    </ClInclude>
    <ClInclude Include="..\Vendor\RakNet\_FindFirst.h">
      <Filter>RakNet</Filter>
    </ClInclude>
  </ItemGroup>
  <ItemGroup>
    <ClCompile Include="Log.cpp">
      <Filter>Source Files\Common</Filter>
    </ClCompile>
    <ClCompile Include="DrawHelper.cpp">
      <Filter>Source Files\Helpers</Filter>
    </ClCompile>
    <ClCompile Include="KeyHelper.cpp">
      <Filter>Source Files\Helpers</Filter>
    </ClCompile>
    <ClCompile Include="NetworkHelper.cpp">
      <Filter>Source Files\Helpers</Filter>
    </ClCompile>
    <ClCompile Include="RAGEHelper.cpp">
      <Filter>Source Files\Helpers</Filter>
    </ClCompile>
    <ClCompile Include="VehicleHelper.cpp">
      <Filter>Source Files\Helpers</Filter>
    </ClCompile>
    <ClCompile Include="dllmain.cpp">
      <Filter>Source Files\Common</Filter>
    </ClCompile>
    <ClCompile Include="script.cpp">
      <Filter>Source Files</Filter>
    </ClCompile>
    <ClCompile Include="modbaserequired.cpp">
      <Filter>Source Files</Filter>
    </ClCompile>
    <ClCompile Include="HandleKeys.cpp">
      <Filter>Source Files\Keys</Filter>
    </ClCompile>
    <ClCompile Include="stdafx.cpp">
      <Filter>Source Files\Common</Filter>
    </ClCompile>
    <ClCompile Include="chat.cpp">
      <Filter>Source Files\Hud</Filter>
    </ClCompile>
    <ClCompile Include="hud.cpp">
      <Filter>Source Files\Hud</Filter>
    </ClCompile>
    <ClCompile Include="GameInit.cpp">
      <Filter>Source Files\GameInit</Filter>
    </ClCompile>
    <ClCompile Include="scrThread.cpp">
      <Filter>Header Files\Common</Filter>
    </ClCompile>
    <ClCompile Include="fiDeviceClasses.cpp">
      <Filter>Source Files\Common</Filter>
    </ClCompile>
    <ClCompile Include="fiDevice.cpp">
      <Filter>Source Files\Common</Filter>
    </ClCompile>
    <ClCompile Include="sysAllocator.cpp">
      <Filter>Source Files\Common</Filter>
    </ClCompile>
    <ClCompile Include="fiDeviceImpl.cpp">
      <Filter>Source Files\Common</Filter>
    </ClCompile>
    <ClCompile Include="InstanceRegistry.cpp">
      <Filter>Source Files\Common</Filter>
    </ClCompile>
    <ClCompile Include="fiCustomDevice.cpp">
      <Filter>Source Files\Common</Filter>
    </ClCompile>
    <ClCompile Include="ThreadAttachment.cpp">
      <Filter>Source Files\Common</Filter>
    </ClCompile>
    <ClCompile Include="scrEngine.cpp">
      <Filter>Source Files\Common</Filter>
    </ClCompile>
    <ClCompile Include="Error.cpp">
      <Filter>Source Files\Common</Filter>
    </ClCompile>
    <ClCompile Include="netrpc.cpp">
      <Filter>Source Files\Net</Filter>
    </ClCompile>
    <ClCompile Include="CRemotePlayer.cpp">
      <Filter>Source Files\Net</Filter>
    </ClCompile>
    <ClCompile Include="CPlayerPed.cpp">
      <Filter>Source Files\Net</Filter>
    </ClCompile>
    <ClCompile Include="CVehicle.cpp">
      <Filter>Source Files\Net</Filter>
    </ClCompile>
    <ClCompile Include="CSpawnSelection.cpp">
      <Filter>Source Files\Net</Filter>
    </ClCompile>
    <ClCompile Include="net\CVehicleManager.cpp">
      <Filter>Source Files\Net</Filter>
    </ClCompile>
    <ClCompile Include="net\CNetworkManager.cpp">
      <Filter>Source Files\Net</Filter>
    </ClCompile>
    <ClCompile Include="net\CLocalPlayer.cpp">
      <Filter>Source Files\Net</Filter>
    </ClCompile>
    <ClCompile Include="net\CPlayerManager.cpp">
      <Filter>Source Files\Net</Filter>
    </ClCompile>
    <ClCompile Include="ScriptHandlerMgr.cpp">
      <Filter>Source Files\MissionCleanup</Filter>
    </ClCompile>
    <ClCompile Include="cmd_window.cpp">
      <Filter>Source Files\Hud</Filter>
    </ClCompile>
    <ClCompile Include="ResourceMissionCleanup_Minimal.cpp">
      <Filter>Source Files\MissionCleanup</Filter>
    </ClCompile>
    <ClCompile Include="ResourceManager.cpp">
      <Filter>Source Files\MissionCleanup</Filter>
    </ClCompile>
    <ClCompile Include="Resource.cpp">
      <Filter>Source Files\MissionCleanup</Filter>
    </ClCompile>
    <ClCompile Include="HookInitialMount.cpp">
      <Filter>Source Files\MissionCleanup</Filter>
    </ClCompile>
    <ClCompile Include="grcTexture.cpp">
      <Filter>Source Files\Rendering</Filter>
    </ClCompile>
    <ClCompile Include="ThreadNames.cpp">
      <Filter>Source Files\GameInit</Filter>
    </ClCompile>
    <ClCompile Include="LevelLoader.cpp">
      <Filter>Source Files\Rendering</Filter>
    </ClCompile>
    <ClCompile Include="CfxCollection.cpp">
      <Filter>Source Files\Rendering</Filter>
    </ClCompile>
    <ClCompile Include="EnableMPMapData.cpp">
      <Filter>Source Files\Hud</Filter>
    </ClCompile>
    <ClCompile Include="NoWatchDog.cpp">
      <Filter>Source Files\Misc Fixes</Filter>
    </ClCompile>
    <ClCompile Include="..\Vendor\hooking\EventCore.cpp">
      <Filter>Hooking</Filter>
    </ClCompile>
    <ClCompile Include="..\Vendor\hooking\HookFunction.cpp">
      <Filter>Hooking</Filter>
    </ClCompile>
    <ClCompile Include="..\Vendor\hooking\Hooking.cpp">
      <Filter>Hooking</Filter>
    </ClCompile>
    <ClCompile Include="..\Vendor\hooking\Hooking.Patterns.cpp">
      <Filter>Hooking</Filter>
    </ClCompile>
    <ClCompile Include="..\Vendor\hooking\Utils.cpp">
      <Filter>Hooking</Filter>
    </ClCompile>
    <ClCompile Include="..\Vendor\RakNet\BitStream.cpp">
      <Filter>RakNet</Filter>
    </ClCompile>
    <ClCompile Include="..\Vendor\RakNet\CCRakNetUDT.cpp">
      <Filter>RakNet</Filter>
    </ClCompile>
    <ClCompile Include="..\Vendor\RakNet\CheckSum.cpp">
      <Filter>RakNet</Filter>
    </ClCompile>
    <ClCompile Include="..\Vendor\RakNet\CommandParserInterface.cpp">
      <Filter>RakNet</Filter>
    </ClCompile>
    <ClCompile Include="..\Vendor\RakNet\ConnectionGraph2.cpp">
      <Filter>RakNet</Filter>
    </ClCompile>
    <ClCompile Include="..\Vendor\RakNet\ConsoleServer.cpp">
      <Filter>RakNet</Filter>
    </ClCompile>
    <ClCompile Include="..\Vendor\RakNet\DataCompressor.cpp">
      <Filter>RakNet</Filter>
    </ClCompile>
    <ClCompile Include="..\Vendor\RakNet\DirectoryDeltaTransfer.cpp">
      <Filter>RakNet</Filter>
    </ClCompile>
    <ClCompile Include="..\Vendor\RakNet\DS_BytePool.cpp">
      <Filter>RakNet</Filter>
    </ClCompile>
    <ClCompile Include="..\Vendor\RakNet\DS_ByteQueue.cpp">
      <Filter>RakNet</Filter>
    </ClCompile>
    <ClCompile Include="..\Vendor\RakNet\DS_HuffmanEncodingTree.cpp">
      <Filter>RakNet</Filter>
    </ClCompile>
    <ClCompile Include="..\Vendor\RakNet\DS_Table.cpp">
      <Filter>RakNet</Filter>
    </ClCompile>
    <ClCompile Include="..\Vendor\RakNet\EmailSender.cpp">
      <Filter>RakNet</Filter>
    </ClCompile>
    <ClCompile Include="..\Vendor\RakNet\EncodeClassName.cpp">
      <Filter>RakNet</Filter>
    </ClCompile>
    <ClCompile Include="..\Vendor\RakNet\EpochTimeToString.cpp">
      <Filter>RakNet</Filter>
    </ClCompile>
    <ClCompile Include="..\Vendor\RakNet\FileList.cpp">
      <Filter>RakNet</Filter>
    </ClCompile>
    <ClCompile Include="..\Vendor\RakNet\FileListTransfer.cpp">
      <Filter>RakNet</Filter>
    </ClCompile>
    <ClCompile Include="..\Vendor\RakNet\FileOperations.cpp">
      <Filter>RakNet</Filter>
    </ClCompile>
    <ClCompile Include="..\Vendor\RakNet\FormatString.cpp">
      <Filter>RakNet</Filter>
    </ClCompile>
    <ClCompile Include="..\Vendor\RakNet\FullyConnectedMesh2.cpp">
      <Filter>RakNet</Filter>
    </ClCompile>
    <ClCompile Include="..\Vendor\RakNet\Getche.cpp">
      <Filter>RakNet</Filter>
    </ClCompile>
    <ClCompile Include="..\Vendor\RakNet\GetTime.cpp">
      <Filter>RakNet</Filter>
    </ClCompile>
    <ClCompile Include="..\Vendor\RakNet\gettimeofday.cpp">
      <Filter>RakNet</Filter>
    </ClCompile>
    <ClCompile Include="..\Vendor\RakNet\GridSectorizer.cpp">
      <Filter>RakNet</Filter>
    </ClCompile>
    <ClCompile Include="..\Vendor\RakNet\HTTPConnection.cpp">
      <Filter>RakNet</Filter>
    </ClCompile>
    <ClCompile Include="..\Vendor\RakNet\IncrementalReadInterface.cpp">
      <Filter>RakNet</Filter>
    </ClCompile>
    <ClCompile Include="..\Vendor\RakNet\Itoa.cpp">
      <Filter>RakNet</Filter>
    </ClCompile>
    <ClCompile Include="..\Vendor\RakNet\LinuxStrings.cpp">
      <Filter>RakNet</Filter>
    </ClCompile>
    <ClCompile Include="..\Vendor\RakNet\LogCommandParser.cpp">
      <Filter>RakNet</Filter>
    </ClCompile>
    <ClCompile Include="..\Vendor\RakNet\MessageFilter.cpp">
      <Filter>RakNet</Filter>
    </ClCompile>
    <ClCompile Include="..\Vendor\RakNet\NatPunchthroughClient.cpp">
      <Filter>RakNet</Filter>
    </ClCompile>
    <ClCompile Include="..\Vendor\RakNet\NatPunchthroughServer.cpp">
      <Filter>RakNet</Filter>
    </ClCompile>
    <ClCompile Include="..\Vendor\RakNet\NatTypeDetectionClient.cpp">
      <Filter>RakNet</Filter>
    </ClCompile>
    <ClCompile Include="..\Vendor\RakNet\NatTypeDetectionCommon.cpp">
      <Filter>RakNet</Filter>
    </ClCompile>
    <ClCompile Include="..\Vendor\RakNet\NatTypeDetectionServer.cpp">
      <Filter>RakNet</Filter>
    </ClCompile>
    <ClCompile Include="..\Vendor\RakNet\NetworkIDManager.cpp">
      <Filter>RakNet</Filter>
    </ClCompile>
    <ClCompile Include="..\Vendor\RakNet\NetworkIDObject.cpp">
      <Filter>RakNet</Filter>
    </ClCompile>
    <ClCompile Include="..\Vendor\RakNet\PacketConsoleLogger.cpp">
      <Filter>RakNet</Filter>
    </ClCompile>
    <ClCompile Include="..\Vendor\RakNet\PacketFileLogger.cpp">
      <Filter>RakNet</Filter>
    </ClCompile>
    <ClCompile Include="..\Vendor\RakNet\PacketizedTCP.cpp">
      <Filter>RakNet</Filter>
    </ClCompile>
    <ClCompile Include="..\Vendor\RakNet\PacketLogger.cpp">
      <Filter>RakNet</Filter>
    </ClCompile>
    <ClCompile Include="..\Vendor\RakNet\PacketOutputWindowLogger.cpp">
      <Filter>RakNet</Filter>
    </ClCompile>
    <ClCompile Include="..\Vendor\RakNet\PluginInterface2.cpp">
      <Filter>RakNet</Filter>
    </ClCompile>
    <ClCompile Include="..\Vendor\RakNet\RakMemoryOverride.cpp">
      <Filter>RakNet</Filter>
    </ClCompile>
    <ClCompile Include="..\Vendor\RakNet\RakNetCommandParser.cpp">
      <Filter>RakNet</Filter>
    </ClCompile>
    <ClCompile Include="..\Vendor\RakNet\RakNetSocket.cpp">
      <Filter>RakNet</Filter>
    </ClCompile>
    <ClCompile Include="..\Vendor\RakNet\RakNetStatistics.cpp">
      <Filter>RakNet</Filter>
    </ClCompile>
    <ClCompile Include="..\Vendor\RakNet\RakNetTransport2.cpp">
      <Filter>RakNet</Filter>
    </ClCompile>
    <ClCompile Include="..\Vendor\RakNet\RakNetTypes.cpp">
      <Filter>RakNet</Filter>
    </ClCompile>
    <ClCompile Include="..\Vendor\RakNet\RakPeer.cpp">
      <Filter>RakNet</Filter>
    </ClCompile>
    <ClCompile Include="..\Vendor\RakNet\RakSleep.cpp">
      <Filter>RakNet</Filter>
    </ClCompile>
    <ClCompile Include="..\Vendor\RakNet\RakString.cpp">
      <Filter>RakNet</Filter>
    </ClCompile>
    <ClCompile Include="..\Vendor\RakNet\RakThread.cpp">
      <Filter>RakNet</Filter>
    </ClCompile>
    <ClCompile Include="..\Vendor\RakNet\Rand.cpp">
      <Filter>RakNet</Filter>
    </ClCompile>
    <ClCompile Include="..\Vendor\RakNet\rdlmalloc.cpp">
      <Filter>RakNet</Filter>
    </ClCompile>
    <ClCompile Include="..\Vendor\RakNet\ReadyEvent.cpp">
      <Filter>RakNet</Filter>
    </ClCompile>
    <ClCompile Include="..\Vendor\RakNet\ReliabilityLayer.cpp">
      <Filter>RakNet</Filter>
    </ClCompile>
    <ClCompile Include="..\Vendor\RakNet\ReplicaManager3.cpp">
      <Filter>RakNet</Filter>
    </ClCompile>
    <ClCompile Include="..\Vendor\RakNet\Router2.cpp">
      <Filter>RakNet</Filter>
    </ClCompile>
    <ClCompile Include="..\Vendor\RakNet\RPC4Plugin.cpp">
      <Filter>RakNet</Filter>
    </ClCompile>
    <ClCompile Include="..\Vendor\RakNet\SecureHandshake.cpp">
      <Filter>RakNet</Filter>
    </ClCompile>
    <ClCompile Include="..\Vendor\RakNet\SendToThread.cpp">
      <Filter>RakNet</Filter>
    </ClCompile>
    <ClCompile Include="..\Vendor\RakNet\SHA1.cpp">
      <Filter>RakNet</Filter>
    </ClCompile>
    <ClCompile Include="..\Vendor\RakNet\SignaledEvent.cpp">
      <Filter>RakNet</Filter>
    </ClCompile>
    <ClCompile Include="..\Vendor\RakNet\SimpleMutex.cpp">
      <Filter>RakNet</Filter>
    </ClCompile>
    <ClCompile Include="..\Vendor\RakNet\SocketLayer.cpp">
      <Filter>RakNet</Filter>
    </ClCompile>
    <ClCompile Include="..\Vendor\RakNet\StringCompressor.cpp">
      <Filter>RakNet</Filter>
    </ClCompile>
    <ClCompile Include="..\Vendor\RakNet\StringTable.cpp">
      <Filter>RakNet</Filter>
    </ClCompile>
    <ClCompile Include="..\Vendor\RakNet\SuperFastHash.cpp">
      <Filter>RakNet</Filter>
    </ClCompile>
    <ClCompile Include="..\Vendor\RakNet\TableSerializer.cpp">
      <Filter>RakNet</Filter>
    </ClCompile>
    <ClCompile Include="..\Vendor\RakNet\TCPInterface.cpp">
      <Filter>RakNet</Filter>
    </ClCompile>
    <ClCompile Include="..\Vendor\RakNet\TeamBalancer.cpp">
      <Filter>RakNet</Filter>
    </ClCompile>
    <ClCompile Include="..\Vendor\RakNet\TelnetTransport.cpp">
      <Filter>RakNet</Filter>
    </ClCompile>
    <ClCompile Include="..\Vendor\RakNet\ThreadsafePacketLogger.cpp">
      <Filter>RakNet</Filter>
    </ClCompile>
    <ClCompile Include="..\Vendor\RakNet\UDPForwarder.cpp">
      <Filter>RakNet</Filter>
    </ClCompile>
    <ClCompile Include="..\Vendor\RakNet\UDPProxyClient.cpp">
      <Filter>RakNet</Filter>
    </ClCompile>
    <ClCompile Include="..\Vendor\RakNet\UDPProxyCoordinator.cpp">
      <Filter>RakNet</Filter>
    </ClCompile>
    <ClCompile Include="..\Vendor\RakNet\UDPProxyServer.cpp">
      <Filter>RakNet</Filter>
    </ClCompile>
    <ClCompile Include="..\Vendor\RakNet\VariableDeltaSerializer.cpp">
      <Filter>RakNet</Filter>
    </ClCompile>
    <ClCompile Include="..\Vendor\RakNet\VariableListDeltaTracker.cpp">
      <Filter>RakNet</Filter>
    </ClCompile>
    <ClCompile Include="..\Vendor\RakNet\VariadicSQLParser.cpp">
      <Filter>RakNet</Filter>
    </ClCompile>
    <ClCompile Include="..\Vendor\RakNet\WSAStartupSingleton.cpp">
      <Filter>RakNet</Filter>
    </ClCompile>
    <ClCompile Include="..\Vendor\RakNet\_FindFirst.cpp">
      <Filter>RakNet</Filter>
    </ClCompile>
    <ClCompile Include="Utils.Win32.cpp">
      <Filter>Source Files\Common</Filter>
    </ClCompile>
  </ItemGroup>
  <ItemGroup>
    <None Include="citizenmp-LICENSE">
      <Filter>LICENSE</Filter>
    </None>
    <None Include="LICENSE">
      <Filter>LICENSE</Filter>
    </None>
    <None Include="..\Vendor\RakNet\RakNet.vcproj">
      <Filter>RakNet</Filter>
    </None>
    <None Include="..\Vendor\RakNet\RakNet.vcxproj">
      <Filter>RakNet</Filter>
    </None>
    <None Include="..\Vendor\RakNet\RakNet.vcxproj.user">
      <Filter>RakNet</Filter>
    </None>
  </ItemGroup>
</Project>